{
  "name": "vero",
  "version": "0.1.0",
  "lockfileVersion": 3,
  "requires": true,
  "packages": {
    "": {
      "name": "vero",
      "version": "0.1.0",
      "workspaces": [
        "packages/*",
        "tests/*"
      ]
    },
    "node_modules/@vero/admin-portal": {
      "resolved": "packages/admin-portal",
      "link": true
    },
    "node_modules/@vero/e2e-tests": {
      "resolved": "tests/e2e",
      "link": true
    },
    "node_modules/@vero/issuer-agent": {
      "resolved": "packages/issuer-agent",
      "link": true
    },
    "node_modules/@vero/shared": {
      "resolved": "packages/shared",
      "link": true
    },
    "node_modules/@vero/verifier-agent": {
      "resolved": "packages/verifier-agent",
      "link": true
    },
    "node_modules/@vero/wallet": {
      "resolved": "packages/wallet",
      "link": true
    },
    "packages/admin-portal": {
      "name": "@vero/admin-portal",
      "version": "0.1.0"
    },
    "packages/issuer-agent": {
      "name": "@vero/issuer-agent",
      "version": "0.1.0"
    },
    "packages/shared": {
      "name": "@vero/shared",
      "version": "0.1.0"
    },
    "packages/verifier-agent": {
      "name": "@vero/verifier-agent",
      "version": "0.1.0"
    },
    "packages/wallet": {
      "name": "@vero/wallet",
      "version": "0.1.0"
    },
    "tests/e2e": {
      "name": "@vero/e2e-tests",
      "version": "0.1.0"
    }
  }
}
